
Microsoft Visual Studio Solution File, Format Version 12.00
# Visual Studio Version 17
VisualStudioVersion = 17.1.32210.238
MinimumVisualStudioVersion = 10.0.40219.1
Project("{FAE04EC0-301F-11D3-BF4B-00C04F79EFBC}") = "ApiPeliculas", "ApiPeliculas\ApiPeliculas.csproj", "{BADC53E5-80AB-4AA8-8F15-D8862B366E1C}"
EndProject
Global
	GlobalSection(SolutionConfigurationPlatforms) = preSolution
		Debug|Any CPU = Debug|Any CPU
		Release|Any CPU = Release|Any CPU
	EndGlobalSection
	GlobalSection(ProjectConfigurationPlatforms) = postSolution
		{BADC53E5-80AB-4AA8-8F15-D8862B366E1C}.Debug|Any CPU.ActiveCfg = Debug|Any CPU
		{BADC53E5-80AB-4AA8-8F15-D8862B366E1C}.Debug|Any CPU.Build.0 = Debug|Any CPU
		{BADC53E5-80AB-4AA8-8F15-D8862B366E1C}.Release|Any CPU.ActiveCfg = Release|Any CPU
		{BADC53E5-80AB-4AA8-8F15-D8862B366E1C}.Release|Any CPU.Build.0 = Release|Any CPU
	EndGlobalSection
	GlobalSection(SolutionProperties) = preSolution
		HideSolutionNode = FALSE
	EndGlobalSection
	GlobalSection(ExtensibilityGlobals) = postSolution
		SolutionGuid = {D3F8387C-8446-42F2-A758-B7E1DD3CA4FC}
	EndGlobalSection
EndGlobal
